
Microsoft Visual Studio Solution File, Format Version 12.00
# Visual Studio Version 17
VisualStudioVersion = 17.0.31903.59
MinimumVisualStudioVersion = 10.0.40219.1
Project("{2150E333-8FDC-42A3-9474-1A3956D46DE8}") = "src", "src", "{827E0CD3-B72D-47B6-A68D-7590B98EB39B}"
EndProject
Project("{FAE04EC0-301F-11D3-BF4B-00C04F79EFBC}") = "WindLordApi.Worker", "src\WindLordApi.Worker\WindLordApi.Worker.csproj", "{A7AFCAA9-BAAF-4DA8-91BB-222DEA994489}"
EndProject
Project("{FAE04EC0-301F-11D3-BF4B-00C04F79EFBC}") = "WindLordApi.Data", "src\WindLordApi.Data\WindLordApi.Data.csproj", "{0D02EC78-0984-493C-A90D-43CAA5D97AAB}"
EndProject
Global
	GlobalSection(SolutionConfigurationPlatforms) = preSolution
		Debug|Any CPU = Debug|Any CPU
		Debug|x64 = Debug|x64
		Debug|x86 = Debug|x86
		Release|Any CPU = Release|Any CPU
		Release|x64 = Release|x64
		Release|x86 = Release|x86
	EndGlobalSection
	GlobalSection(ProjectConfigurationPlatforms) = postSolution
		{A7AFCAA9-BAAF-4DA8-91BB-222DEA994489}.Debug|Any CPU.ActiveCfg = Debug|Any CPU
		{A7AFCAA9-BAAF-4DA8-91BB-222DEA994489}.Debug|Any CPU.Build.0 = Debug|Any CPU
		{A7AFCAA9-BAAF-4DA8-91BB-222DEA994489}.Debug|x64.ActiveCfg = Debug|Any CPU
		{A7AFCAA9-BAAF-4DA8-91BB-222DEA994489}.Debug|x64.Build.0 = Debug|Any CPU
		{A7AFCAA9-BAAF-4DA8-91BB-222DEA994489}.Debug|x86.ActiveCfg = Debug|Any CPU
		{A7AFCAA9-BAAF-4DA8-91BB-222DEA994489}.Debug|x86.Build.0 = Debug|Any CPU
		{A7AFCAA9-BAAF-4DA8-91BB-222DEA994489}.Release|Any CPU.ActiveCfg = Release|Any CPU
		{A7AFCAA9-BAAF-4DA8-91BB-222DEA994489}.Release|Any CPU.Build.0 = Release|Any CPU
		{A7AFCAA9-BAAF-4DA8-91BB-222DEA994489}.Release|x64.ActiveCfg = Release|Any CPU
		{A7AFCAA9-BAAF-4DA8-91BB-222DEA994489}.Release|x64.Build.0 = Release|Any CPU
		{A7AFCAA9-BAAF-4DA8-91BB-222DEA994489}.Release|x86.ActiveCfg = Release|Any CPU
		{A7AFCAA9-BAAF-4DA8-91BB-222DEA994489}.Release|x86.Build.0 = Release|Any CPU
		{0D02EC78-0984-493C-A90D-43CAA5D97AAB}.Debug|Any CPU.ActiveCfg = Debug|Any CPU
		{0D02EC78-0984-493C-A90D-43CAA5D97AAB}.Debug|Any CPU.Build.0 = Debug|Any CPU
		{0D02EC78-0984-493C-A90D-43CAA5D97AAB}.Debug|x64.ActiveCfg = Debug|Any CPU
		{0D02EC78-0984-493C-A90D-43CAA5D97AAB}.Debug|x64.Build.0 = Debug|Any CPU
		{0D02EC78-0984-493C-A90D-43CAA5D97AAB}.Debug|x86.ActiveCfg = Debug|Any CPU
		{0D02EC78-0984-493C-A90D-43CAA5D97AAB}.Debug|x86.Build.0 = Debug|Any CPU
		{0D02EC78-0984-493C-A90D-43CAA5D97AAB}.Release|Any CPU.ActiveCfg = Release|Any CPU
		{0D02EC78-0984-493C-A90D-43CAA5D97AAB}.Release|Any CPU.Build.0 = Release|Any CPU
		{0D02EC78-0984-493C-A90D-43CAA5D97AAB}.Release|x64.ActiveCfg = Release|Any CPU
		{0D02EC78-0984-493C-A90D-43CAA5D97AAB}.Release|x64.Build.0 = Release|Any CPU
		{0D02EC78-0984-493C-A90D-43CAA5D97AAB}.Release|x86.ActiveCfg = Release|Any CPU
		{0D02EC78-0984-493C-A90D-43CAA5D97AAB}.Release|x86.Build.0 = Release|Any CPU
	EndGlobalSection
	GlobalSection(SolutionProperties) = preSolution
		HideSolutionNode = FALSE
	EndGlobalSection
	GlobalSection(NestedProjects) = preSolution
		{A7AFCAA9-BAAF-4DA8-91BB-222DEA994489} = {827E0CD3-B72D-47B6-A68D-7590B98EB39B}
		{0D02EC78-0984-493C-A90D-43CAA5D97AAB} = {827E0CD3-B72D-47B6-A68D-7590B98EB39B}
	EndGlobalSection
EndGlobal
